// !$*UTF8*$!
{
	archiveVersion = 1;
	classes = {
	};
	objectVersion = 51;
	objects = {

/* Begin PBXBuildFile section */
		0169E3C07DFFDA60DF20C977 /* Pods_Messaging_app.framework in Frameworks */ = {isa = PBXBuildFile; fileRef = 1B51287763451E9B76A1148F /* Pods_Messaging_app.framework */; };
		3A15D82123D1CDB700BA5E25 /* RecentsTableViewCell.swift in Sources */ = {isa = PBXBuildFile; fileRef = 3A15D82023D1CDB700BA5E25 /* RecentsTableViewCell.swift */; };
		3A1A25CF23D59A5500F949E7 /* downloader.swift in Sources */ = {isa = PBXBuildFile; fileRef = 3A1A25CE23D59A5500F949E7 /* downloader.swift */; };
		3A22D74523D2CBAD00AEC8B8 /* Recent.swift in Sources */ = {isa = PBXBuildFile; fileRef = 3A22D74423D2CBAD00AEC8B8 /* Recent.swift */; };
		3A2ECA9923DB0598009A70A3 /* ProfileCollectionViewController.swift in Sources */ = {isa = PBXBuildFile; fileRef = 3A2ECA9823DB0598009A70A3 /* ProfileCollectionViewController.swift */; };
		3A2ECA9C23DB062E009A70A3 /* UserPostCell.swift in Sources */ = {isa = PBXBuildFile; fileRef = 3A2ECA9B23DB062E009A70A3 /* UserPostCell.swift */; };
		3A2ECA9E23DB070C009A70A3 /* UserProfileHeader.swift in Sources */ = {isa = PBXBuildFile; fileRef = 3A2ECA9D23DB070C009A70A3 /* UserProfileHeader.swift */; };
		3A359D6A23D5283400B0692F /* MessageViewController+Save&Load.swift in Sources */ = {isa = PBXBuildFile; fileRef = 3A359D6923D5283400B0692F /* MessageViewController+Save&Load.swift */; };
		3A359D6C23D52C4800B0692F /* InComingMessage.swift in Sources */ = {isa = PBXBuildFile; fileRef = 3A359D6B23D52C4800B0692F /* InComingMessage.swift */; };
		3A46E01B23CDF16A008C3D07 /* SignUpViewController.swift in Sources */ = {isa = PBXBuildFile; fileRef = 3A46E01A23CDF16A008C3D07 /* SignUpViewController.swift */; };
		3A53292223D43501009DCEC6 /* OutGoingMessage.swift in Sources */ = {isa = PBXBuildFile; fileRef = 3A53292123D43501009DCEC6 /* OutGoingMessage.swift */; };
		3A5B636023CDD90200676836 /* AppDelegate.swift in Sources */ = {isa = PBXBuildFile; fileRef = 3A5B635F23CDD90200676836 /* AppDelegate.swift */; };
		3A5B636223CDD90200676836 /* SceneDelegate.swift in Sources */ = {isa = PBXBuildFile; fileRef = 3A5B636123CDD90200676836 /* SceneDelegate.swift */; };
		3A5B636723CDD90200676836 /* Main.storyboard in Resources */ = {isa = PBXBuildFile; fileRef = 3A5B636523CDD90200676836 /* Main.storyboard */; };
		3A5B636923CDD90500676836 /* Assets.xcassets in Resources */ = {isa = PBXBuildFile; fileRef = 3A5B636823CDD90500676836 /* Assets.xcassets */; };
		3A5B636C23CDD90500676836 /* LaunchScreen.storyboard in Resources */ = {isa = PBXBuildFile; fileRef = 3A5B636A23CDD90500676836 /* LaunchScreen.storyboard */; };
		3A5B637823CDE99300676836 /* LoginViewController.swift in Sources */ = {isa = PBXBuildFile; fileRef = 3A5B637723CDE99300676836 /* LoginViewController.swift */; };
		3A5B637A23CDEB1B00676836 /* Extensions.swift in Sources */ = {isa = PBXBuildFile; fileRef = 3A5B637923CDEB1B00676836 /* Extensions.swift */; };
		3A9AD9FB23D1C9AC000E4FB1 /* Camera.swift in Sources */ = {isa = PBXBuildFile; fileRef = 3A9AD9FA23D1C9AC000E4FB1 /* Camera.swift */; };
		3A9C58B323D9DBDF009DB4CF /* Post.swift in Sources */ = {isa = PBXBuildFile; fileRef = 3A9C58B223D9DBDF009DB4CF /* Post.swift */; };
		3AA8970E23D1D1DA00B3EE87 /* ChatsViewController.swift in Sources */ = {isa = PBXBuildFile; fileRef = 3AA8970D23D1D1DA00B3EE87 /* ChatsViewController.swift */; };
		3AA8971023D1D92A00B3EE87 /* UsersTableViewController.swift in Sources */ = {isa = PBXBuildFile; fileRef = 3AA8970F23D1D92A00B3EE87 /* UsersTableViewController.swift */; };
		3AA8971223D1D95A00B3EE87 /* UsersTableViewCell.swift in Sources */ = {isa = PBXBuildFile; fileRef = 3AA8971123D1D95A00B3EE87 /* UsersTableViewCell.swift */; };
		3ABA82A823D3DB660091DB23 /* MessageViewController.swift in Sources */ = {isa = PBXBuildFile; fileRef = 3ABA82A723D3DB660091DB23 /* MessageViewController.swift */; };
		3ABD776A23D428D10031D990 /* Message.swift in Sources */ = {isa = PBXBuildFile; fileRef = 3ABD776923D428D10031D990 /* Message.swift */; };
		3ABED37F23D29CD20040C90B /* ProfileTableViewController.swift in Sources */ = {isa = PBXBuildFile; fileRef = 3ABED37E23D29CD20040C90B /* ProfileTableViewController.swift */; };
		3AC4BA9923D08C1700256B9C /* SettingTableViewController.swift in Sources */ = {isa = PBXBuildFile; fileRef = 3AC4BA9823D08C1700256B9C /* SettingTableViewController.swift */; };
		3ACADA8623CF6D3300205AF5 /* MainTabVC.swift in Sources */ = {isa = PBXBuildFile; fileRef = 3ACADA8523CF6D3300205AF5 /* MainTabVC.swift */; };
		3ACADA8823CF6EC200205AF5 /* GoogleService-Info.plist in Resources */ = {isa = PBXBuildFile; fileRef = 3ACADA8723CF6EC100205AF5 /* GoogleService-Info.plist */; };
		3ACE0E8323D797DB00C2BFF0 /* FeedCollectionViewController.swift in Sources */ = {isa = PBXBuildFile; fileRef = 3ACE0E8223D797DB00C2BFF0 /* FeedCollectionViewController.swift */; };
		3ACE0E8523D79A9500C2BFF0 /* CustomImageView.swift in Sources */ = {isa = PBXBuildFile; fileRef = 3ACE0E8423D79A9500C2BFF0 /* CustomImageView.swift */; };
		3ACE0E8723D79AE900C2BFF0 /* FeedCellCollectionViewCell.swift in Sources */ = {isa = PBXBuildFile; fileRef = 3ACE0E8623D79AE900C2BFF0 /* FeedCellCollectionViewCell.swift */; };
		3AD228D523D080AA00F4A5CA /* HelperFunctions.swift in Sources */ = {isa = PBXBuildFile; fileRef = 3AD228D423D080AA00F4A5CA /* HelperFunctions.swift */; };
		3AD228D723D0834E00F4A5CA /* FUser.swift in Sources */ = {isa = PBXBuildFile; fileRef = 3AD228D623D0834E00F4A5CA /* FUser.swift */; };
		3AD228D923D0836600F4A5CA /* Constracts.swift in Sources */ = {isa = PBXBuildFile; fileRef = 3AD228D823D0836600F4A5CA /* Constracts.swift */; };
		3AD228DB23D0839500F4A5CA /* References.swift in Sources */ = {isa = PBXBuildFile; fileRef = 3AD228DA23D0839500F4A5CA /* References.swift */; };
		3AD29C2023D86FC0002DC0EB /* UploadPostViewController.swift in Sources */ = {isa = PBXBuildFile; fileRef = 3AD29C1F23D86FC0002DC0EB /* UploadPostViewController.swift */; };
		3AD29C2223D871B3002DC0EB /* SelectImageCollectionViewController.swift in Sources */ = {isa = PBXBuildFile; fileRef = 3AD29C2123D871B3002DC0EB /* SelectImageCollectionViewController.swift */; };
		3AD29C2423D871F7002DC0EB /* SelectPhotoHeader.swift in Sources */ = {isa = PBXBuildFile; fileRef = 3AD29C2323D871F7002DC0EB /* SelectPhotoHeader.swift */; };
		3AD29C2623D87545002DC0EB /* SelectPhotoCell.swift in Sources */ = {isa = PBXBuildFile; fileRef = 3AD29C2523D87545002DC0EB /* SelectPhotoCell.swift */; };
		3ADCBB7D23E30D8D007289BA /* FollowLikeViewController.swift in Sources */ = {isa = PBXBuildFile; fileRef = 3ADCBB7C23E30D8D007289BA /* FollowLikeViewController.swift */; };
		3ADCBB7F23E30E6E007289BA /* FollowLikeCell.swift in Sources */ = {isa = PBXBuildFile; fileRef = 3ADCBB7E23E30E6E007289BA /* FollowLikeCell.swift */; };
		3AF86A8E23D33F0500C3D5F8 /* EditUserViewController.swift in Sources */ = {isa = PBXBuildFile; fileRef = 3AF86A8D23D33F0500C3D5F8 /* EditUserViewController.swift */; };
/* End PBXBuildFile section */

/* Begin PBXFileReference section */
		1B51287763451E9B76A1148F /* Pods_Messaging_app.framework */ = {isa = PBXFileReference; explicitFileType = wrapper.framework; includeInIndex = 0; path = Pods_Messaging_app.framework; sourceTree = BUILT_PRODUCTS_DIR; };
		1FE588E3701FCB8BEFBFF78D /* Pods-Messaging-app.release.xcconfig */ = {isa = PBXFileReference; includeInIndex = 1; lastKnownFileType = text.xcconfig; name = "Pods-Messaging-app.release.xcconfig"; path = "Target Support Files/Pods-Messaging-app/Pods-Messaging-app.release.xcconfig"; sourceTree = "<group>"; };
		3A15D82023D1CDB700BA5E25 /* RecentsTableViewCell.swift */ = {isa = PBXFileReference; lastKnownFileType = sourcecode.swift; path = RecentsTableViewCell.swift; sourceTree = "<group>"; };
		3A1A25CE23D59A5500F949E7 /* downloader.swift */ = {isa = PBXFileReference; lastKnownFileType = sourcecode.swift; path = downloader.swift; sourceTree = "<group>"; };
		3A22D74423D2CBAD00AEC8B8 /* Recent.swift */ = {isa = PBXFileReference; lastKnownFileType = sourcecode.swift; path = Recent.swift; sourceTree = "<group>"; };
		3A2ECA9823DB0598009A70A3 /* ProfileCollectionViewController.swift */ = {isa = PBXFileReference; lastKnownFileType = sourcecode.swift; path = ProfileCollectionViewController.swift; sourceTree = "<group>"; };
		3A2ECA9B23DB062E009A70A3 /* UserPostCell.swift */ = {isa = PBXFileReference; lastKnownFileType = sourcecode.swift; path = UserPostCell.swift; sourceTree = "<group>"; };
		3A2ECA9D23DB070C009A70A3 /* UserProfileHeader.swift */ = {isa = PBXFileReference; lastKnownFileType = sourcecode.swift; path = UserProfileHeader.swift; sourceTree = "<group>"; };
		3A359D6923D5283400B0692F /* MessageViewController+Save&Load.swift */ = {isa = PBXFileReference; lastKnownFileType = sourcecode.swift; path = "MessageViewController+Save&Load.swift"; sourceTree = "<group>"; };
		3A359D6B23D52C4800B0692F /* InComingMessage.swift */ = {isa = PBXFileReference; lastKnownFileType = sourcecode.swift; path = InComingMessage.swift; sourceTree = "<group>"; };
		3A46E01A23CDF16A008C3D07 /* SignUpViewController.swift */ = {isa = PBXFileReference; lastKnownFileType = sourcecode.swift; path = SignUpViewController.swift; sourceTree = "<group>"; };
		3A53292123D43501009DCEC6 /* OutGoingMessage.swift */ = {isa = PBXFileReference; lastKnownFileType = sourcecode.swift; path = OutGoingMessage.swift; sourceTree = "<group>"; };
		3A5B635C23CDD90200676836 /* Messaging-app.app */ = {isa = PBXFileReference; explicitFileType = wrapper.application; includeInIndex = 0; path = "Messaging-app.app"; sourceTree = BUILT_PRODUCTS_DIR; };
		3A5B635F23CDD90200676836 /* AppDelegate.swift */ = {isa = PBXFileReference; lastKnownFileType = sourcecode.swift; path = AppDelegate.swift; sourceTree = "<group>"; };
		3A5B636123CDD90200676836 /* SceneDelegate.swift */ = {isa = PBXFileReference; lastKnownFileType = sourcecode.swift; path = SceneDelegate.swift; sourceTree = "<group>"; };
		3A5B636623CDD90200676836 /* Base */ = {isa = PBXFileReference; lastKnownFileType = file.storyboard; name = Base; path = Base.lproj/Main.storyboard; sourceTree = "<group>"; };
		3A5B636823CDD90500676836 /* Assets.xcassets */ = {isa = PBXFileReference; lastKnownFileType = folder.assetcatalog; path = Assets.xcassets; sourceTree = "<group>"; };
		3A5B636B23CDD90500676836 /* Base */ = {isa = PBXFileReference; lastKnownFileType = file.storyboard; name = Base; path = Base.lproj/LaunchScreen.storyboard; sourceTree = "<group>"; };
		3A5B636D23CDD90500676836 /* Info.plist */ = {isa = PBXFileReference; lastKnownFileType = text.plist.xml; path = Info.plist; sourceTree = "<group>"; };
		3A5B637723CDE99300676836 /* LoginViewController.swift */ = {isa = PBXFileReference; lastKnownFileType = sourcecode.swift; path = LoginViewController.swift; sourceTree = "<group>"; };
		3A5B637923CDEB1B00676836 /* Extensions.swift */ = {isa = PBXFileReference; lastKnownFileType = sourcecode.swift; path = Extensions.swift; sourceTree = "<group>"; };
		3A9AD9FA23D1C9AC000E4FB1 /* Camera.swift */ = {isa = PBXFileReference; lastKnownFileType = sourcecode.swift; path = Camera.swift; sourceTree = "<group>"; };
		3A9C58B223D9DBDF009DB4CF /* Post.swift */ = {isa = PBXFileReference; lastKnownFileType = sourcecode.swift; path = Post.swift; sourceTree = "<group>"; };
		3AA8970D23D1D1DA00B3EE87 /* ChatsViewController.swift */ = {isa = PBXFileReference; lastKnownFileType = sourcecode.swift; path = ChatsViewController.swift; sourceTree = "<group>"; };
		3AA8970F23D1D92A00B3EE87 /* UsersTableViewController.swift */ = {isa = PBXFileReference; lastKnownFileType = sourcecode.swift; path = UsersTableViewController.swift; sourceTree = "<group>"; };
		3AA8971123D1D95A00B3EE87 /* UsersTableViewCell.swift */ = {isa = PBXFileReference; lastKnownFileType = sourcecode.swift; path = UsersTableViewCell.swift; sourceTree = "<group>"; };
		3ABA82A723D3DB660091DB23 /* MessageViewController.swift */ = {isa = PBXFileReference; lastKnownFileType = sourcecode.swift; path = MessageViewController.swift; sourceTree = "<group>"; };
		3ABD776923D428D10031D990 /* Message.swift */ = {isa = PBXFileReference; lastKnownFileType = sourcecode.swift; path = Message.swift; sourceTree = "<group>"; };
		3ABED37E23D29CD20040C90B /* ProfileTableViewController.swift */ = {isa = PBXFileReference; lastKnownFileType = sourcecode.swift; path = ProfileTableViewController.swift; sourceTree = "<group>"; };
		3AC4BA9823D08C1700256B9C /* SettingTableViewController.swift */ = {isa = PBXFileReference; lastKnownFileType = sourcecode.swift; path = SettingTableViewController.swift; sourceTree = "<group>"; };
		3ACADA8523CF6D3300205AF5 /* MainTabVC.swift */ = {isa = PBXFileReference; lastKnownFileType = sourcecode.swift; path = MainTabVC.swift; sourceTree = "<group>"; };
		3ACADA8723CF6EC100205AF5 /* GoogleService-Info.plist */ = {isa = PBXFileReference; fileEncoding = 4; lastKnownFileType = text.plist.xml; path = "GoogleService-Info.plist"; sourceTree = "<group>"; };
		3ACE0E8223D797DB00C2BFF0 /* FeedCollectionViewController.swift */ = {isa = PBXFileReference; lastKnownFileType = sourcecode.swift; path = FeedCollectionViewController.swift; sourceTree = "<group>"; };
		3ACE0E8423D79A9500C2BFF0 /* CustomImageView.swift */ = {isa = PBXFileReference; lastKnownFileType = sourcecode.swift; path = CustomImageView.swift; sourceTree = "<group>"; };
		3ACE0E8623D79AE900C2BFF0 /* FeedCellCollectionViewCell.swift */ = {isa = PBXFileReference; lastKnownFileType = sourcecode.swift; path = FeedCellCollectionViewCell.swift; sourceTree = "<group>"; };
		3AD228D423D080AA00F4A5CA /* HelperFunctions.swift */ = {isa = PBXFileReference; lastKnownFileType = sourcecode.swift; path = HelperFunctions.swift; sourceTree = "<group>"; };
		3AD228D623D0834E00F4A5CA /* FUser.swift */ = {isa = PBXFileReference; lastKnownFileType = sourcecode.swift; path = FUser.swift; sourceTree = "<group>"; };
		3AD228D823D0836600F4A5CA /* Constracts.swift */ = {isa = PBXFileReference; lastKnownFileType = sourcecode.swift; path = Constracts.swift; sourceTree = "<group>"; };
		3AD228DA23D0839500F4A5CA /* References.swift */ = {isa = PBXFileReference; lastKnownFileType = sourcecode.swift; path = References.swift; sourceTree = "<group>"; };
		3AD29C1F23D86FC0002DC0EB /* UploadPostViewController.swift */ = {isa = PBXFileReference; lastKnownFileType = sourcecode.swift; path = UploadPostViewController.swift; sourceTree = "<group>"; };
		3AD29C2123D871B3002DC0EB /* SelectImageCollectionViewController.swift */ = {isa = PBXFileReference; lastKnownFileType = sourcecode.swift; path = SelectImageCollectionViewController.swift; sourceTree = "<group>"; };
		3AD29C2323D871F7002DC0EB /* SelectPhotoHeader.swift */ = {isa = PBXFileReference; lastKnownFileType = sourcecode.swift; path = SelectPhotoHeader.swift; sourceTree = "<group>"; };
		3AD29C2523D87545002DC0EB /* SelectPhotoCell.swift */ = {isa = PBXFileReference; lastKnownFileType = sourcecode.swift; path = SelectPhotoCell.swift; sourceTree = "<group>"; };
		3ADCBB7C23E30D8D007289BA /* FollowLikeViewController.swift */ = {isa = PBXFileReference; lastKnownFileType = sourcecode.swift; path = FollowLikeViewController.swift; sourceTree = "<group>"; };
		3ADCBB7E23E30E6E007289BA /* FollowLikeCell.swift */ = {isa = PBXFileReference; lastKnownFileType = sourcecode.swift; path = FollowLikeCell.swift; sourceTree = "<group>"; };
		3AF86A8D23D33F0500C3D5F8 /* EditUserViewController.swift */ = {isa = PBXFileReference; lastKnownFileType = sourcecode.swift; path = EditUserViewController.swift; sourceTree = "<group>"; };
		96370212C10A4C0043BA89FE /* Pods-Messaging-app.debug.xcconfig */ = {isa = PBXFileReference; includeInIndex = 1; lastKnownFileType = text.xcconfig; name = "Pods-Messaging-app.debug.xcconfig"; path = "Target Support Files/Pods-Messaging-app/Pods-Messaging-app.debug.xcconfig"; sourceTree = "<group>"; };
/* End PBXFileReference section */

/* Begin PBXFrameworksBuildPhase section */
		3A5B635923CDD90200676836 /* Frameworks */ = {
			isa = PBXFrameworksBuildPhase;
			buildActionMask = 2147483647;
			files = (
				0169E3C07DFFDA60DF20C977 /* Pods_Messaging_app.framework in Frameworks */,
			);
			runOnlyForDeploymentPostprocessing = 0;
		};
/* End PBXFrameworksBuildPhase section */

/* Begin PBXGroup section */
		360E1585427B84DFDF367BBE /* Frameworks */ = {
			isa = PBXGroup;
			children = (
				1B51287763451E9B76A1148F /* Pods_Messaging_app.framework */,
			);
			name = Frameworks;
			sourceTree = "<group>";
		};
		3A2ECA9A23DB0602009A70A3 /* Profile */ = {
			isa = PBXGroup;
			children = (
				3A2ECA9B23DB062E009A70A3 /* UserPostCell.swift */,
				3A2ECA9D23DB070C009A70A3 /* UserProfileHeader.swift */,
			);
			path = Profile;
			sourceTree = "<group>";
		};
		3A2ECA9F23DB0D15009A70A3 /* Profile */ = {
			isa = PBXGroup;
			children = (
				3A2ECA9823DB0598009A70A3 /* ProfileCollectionViewController.swift */,
			);
			path = Profile;
			sourceTree = "<group>";
		};
		3A359D6823D527E600B0692F /* Message */ = {
			isa = PBXGroup;
			children = (
				3AA8970F23D1D92A00B3EE87 /* UsersTableViewController.swift */,
				3AA8970D23D1D1DA00B3EE87 /* ChatsViewController.swift */,
				3ABA82A723D3DB660091DB23 /* MessageViewController.swift */,
				3A359D6923D5283400B0692F /* MessageViewController+Save&Load.swift */,
			);
			path = Message;
			sourceTree = "<group>";
		};
		3A5B635323CDD90200676836 = {
			isa = PBXGroup;
			children = (
				3A5B635E23CDD90200676836 /* Messaging-app */,
				3A5B635D23CDD90200676836 /* Products */,
				E1B26690BDBFCAF5C3D2A571 /* Pods */,
				360E1585427B84DFDF367BBE /* Frameworks */,
			);
			sourceTree = "<group>";
		};
		3A5B635D23CDD90200676836 /* Products */ = {
			isa = PBXGroup;
			children = (
				3A5B635C23CDD90200676836 /* Messaging-app.app */,
			);
			name = Products;
			sourceTree = "<group>";
		};
		3A5B635E23CDD90200676836 /* Messaging-app */ = {
			isa = PBXGroup;
			children = (
				3A5B635F23CDD90200676836 /* AppDelegate.swift */,
				3A5B636123CDD90200676836 /* SceneDelegate.swift */,
				3A5B636523CDD90200676836 /* Main.storyboard */,
				3A5B637523CDDB7700676836 /* Models */,
				3A5B637623CDDB8400676836 /* View */,
				3A5B637423CDDB6A00676836 /* Controllers */,
				3A5B637323CDDB5F00676836 /* Helpers */,
				3A5B636823CDD90500676836 /* Assets.xcassets */,
				3A5B636A23CDD90500676836 /* LaunchScreen.storyboard */,
				3A5B636D23CDD90500676836 /* Info.plist */,
				3ACADA8723CF6EC100205AF5 /* GoogleService-Info.plist */,
			);
			path = "Messaging-app";
			sourceTree = "<group>";
		};
		3A5B637323CDDB5F00676836 /* Helpers */ = {
			isa = PBXGroup;
			children = (
				3ACE0E8423D79A9500C2BFF0 /* CustomImageView.swift */,
				3A1A25CE23D59A5500F949E7 /* downloader.swift */,
				3A5B637923CDEB1B00676836 /* Extensions.swift */,
				3AD228D423D080AA00F4A5CA /* HelperFunctions.swift */,
				3AD228D823D0836600F4A5CA /* Constracts.swift */,
				3AD228DA23D0839500F4A5CA /* References.swift */,
			);
			path = Helpers;
			sourceTree = "<group>";
		};
		3A5B637423CDDB6A00676836 /* Controllers */ = {
			isa = PBXGroup;
			children = (
				3A5B637723CDE99300676836 /* LoginViewController.swift */,
				3A46E01A23CDF16A008C3D07 /* SignUpViewController.swift */,
				3ACADA8523CF6D3300205AF5 /* MainTabVC.swift */,
				3AC4BA9823D08C1700256B9C /* SettingTableViewController.swift */,
				3ABED37E23D29CD20040C90B /* ProfileTableViewController.swift */,
				3AF86A8D23D33F0500C3D5F8 /* EditUserViewController.swift */,
				3ACE0E8223D797DB00C2BFF0 /* FeedCollectionViewController.swift */,
				3ADCBB7C23E30D8D007289BA /* FollowLikeViewController.swift */,
				3A359D6823D527E600B0692F /* Message */,
				3AD29C1E23D86F92002DC0EB /* UploadPost */,
				3A2ECA9F23DB0D15009A70A3 /* Profile */,
			);
			path = Controllers;
			sourceTree = "<group>";
		};
		3A5B637523CDDB7700676836 /* Models */ = {
			isa = PBXGroup;
			children = (
				3AD228D623D0834E00F4A5CA /* FUser.swift */,
				3A22D74423D2CBAD00AEC8B8 /* Recent.swift */,
				3ABD776923D428D10031D990 /* Message.swift */,
				3A53292123D43501009DCEC6 /* OutGoingMessage.swift */,
				3A359D6B23D52C4800B0692F /* InComingMessage.swift */,
				3A9AD9FA23D1C9AC000E4FB1 /* Camera.swift */,
				3A9C58B223D9DBDF009DB4CF /* Post.swift */,
			);
			path = Models;
			sourceTree = "<group>";
		};
		3A5B637623CDDB8400676836 /* View */ = {
			isa = PBXGroup;
			children = (
				3AA8971123D1D95A00B3EE87 /* UsersTableViewCell.swift */,
				3A15D82023D1CDB700BA5E25 /* RecentsTableViewCell.swift */,
				3ACE0E8623D79AE900C2BFF0 /* FeedCellCollectionViewCell.swift */,
				3AD29C2323D871F7002DC0EB /* SelectPhotoHeader.swift */,
				3AD29C2523D87545002DC0EB /* SelectPhotoCell.swift */,
				3A2ECA9A23DB0602009A70A3 /* Profile */,
				3ADCBB7E23E30E6E007289BA /* FollowLikeCell.swift */,
			);
			path = View;
			sourceTree = "<group>";
		};
		3AD29C1E23D86F92002DC0EB /* UploadPost */ = {
			isa = PBXGroup;
			children = (
				3AD29C2123D871B3002DC0EB /* SelectImageCollectionViewController.swift */,
				3AD29C1F23D86FC0002DC0EB /* UploadPostViewController.swift */,
			);
			path = UploadPost;
			sourceTree = "<group>";
		};
		E1B26690BDBFCAF5C3D2A571 /* Pods */ = {
			isa = PBXGroup;
			children = (
				96370212C10A4C0043BA89FE /* Pods-Messaging-app.debug.xcconfig */,
				1FE588E3701FCB8BEFBFF78D /* Pods-Messaging-app.release.xcconfig */,
			);
			path = Pods;
			sourceTree = "<group>";
		};
/* End PBXGroup section */

/* Begin PBXNativeTarget section */
		3A5B635B23CDD90200676836 /* Messaging-app */ = {
			isa = PBXNativeTarget;
			buildConfigurationList = 3A5B637023CDD90500676836 /* Build configuration list for PBXNativeTarget "Messaging-app" */;
			buildPhases = (
				7F2D8EEB6C604992085F3A6F /* [CP] Check Pods Manifest.lock */,
				3A5B635823CDD90200676836 /* Sources */,
				3A5B635923CDD90200676836 /* Frameworks */,
				3A5B635A23CDD90200676836 /* Resources */,
				9859BD77581AD084C40B8087 /* [CP] Embed Pods Frameworks */,
			);
			buildRules = (
			);
			dependencies = (
			);
			name = "Messaging-app";
			productName = "Messaging-app";
			productReference = 3A5B635C23CDD90200676836 /* Messaging-app.app */;
			productType = "com.apple.product-type.application";
		};
/* End PBXNativeTarget section */

/* Begin PBXProject section */
		3A5B635423CDD90200676836 /* Project object */ = {
			isa = PBXProject;
			attributes = {
				LastSwiftUpdateCheck = 1120;
				LastUpgradeCheck = 1120;
				ORGANIZATIONNAME = "Yuuki sakai";
				TargetAttributes = {
					3A5B635B23CDD90200676836 = {
						CreatedOnToolsVersion = 11.2.1;
					};
				};
			};
			buildConfigurationList = 3A5B635723CDD90200676836 /* Build configuration list for PBXProject "Messaging-app" */;
			compatibilityVersion = "Xcode 9.3";
			developmentRegion = en;
			hasScannedForEncodings = 0;
			knownRegions = (
				en,
				Base,
			);
			mainGroup = 3A5B635323CDD90200676836;
			productRefGroup = 3A5B635D23CDD90200676836 /* Products */;
			projectDirPath = "";
			projectRoot = "";
			targets = (
				3A5B635B23CDD90200676836 /* Messaging-app */,
			);
		};
/* End PBXProject section */

/* Begin PBXResourcesBuildPhase section */
		3A5B635A23CDD90200676836 /* Resources */ = {
			isa = PBXResourcesBuildPhase;
			buildActionMask = 2147483647;
			files = (
				3A5B636C23CDD90500676836 /* LaunchScreen.storyboard in Resources */,
				3ACADA8823CF6EC200205AF5 /* GoogleService-Info.plist in Resources */,
				3A5B636923CDD90500676836 /* Assets.xcassets in Resources */,
				3A5B636723CDD90200676836 /* Main.storyboard in Resources */,
			);
			runOnlyForDeploymentPostprocessing = 0;
		};
/* End PBXResourcesBuildPhase section */

/* Begin PBXShellScriptBuildPhase section */
		7F2D8EEB6C604992085F3A6F /* [CP] Check Pods Manifest.lock */ = {
			isa = PBXShellScriptBuildPhase;
			buildActionMask = 2147483647;
			files = (
			);
			inputFileListPaths = (
			);
			inputPaths = (
				"${PODS_PODFILE_DIR_PATH}/Podfile.lock",
				"${PODS_ROOT}/Manifest.lock",
			);
			name = "[CP] Check Pods Manifest.lock";
			outputFileListPaths = (
			);
			outputPaths = (
				"$(DERIVED_FILE_DIR)/Pods-Messaging-app-checkManifestLockResult.txt",
			);
			runOnlyForDeploymentPostprocessing = 0;
			shellPath = /bin/sh;
			shellScript = "diff \"${PODS_PODFILE_DIR_PATH}/Podfile.lock\" \"${PODS_ROOT}/Manifest.lock\" > /dev/null\nif [ $? != 0 ] ; then\n    # print error to STDERR\n    echo \"error: The sandbox is not in sync with the Podfile.lock. Run 'pod install' or update your CocoaPods installation.\" >&2\n    exit 1\nfi\n# This output is used by Xcode 'outputs' to avoid re-running this script phase.\necho \"SUCCESS\" > \"${SCRIPT_OUTPUT_FILE_0}\"\n";
			showEnvVarsInLog = 0;
		};
		9859BD77581AD084C40B8087 /* [CP] Embed Pods Frameworks */ = {
			isa = PBXShellScriptBuildPhase;
			buildActionMask = 2147483647;
			files = (
			);
			inputFileListPaths = (
				"${PODS_ROOT}/Target Support Files/Pods-Messaging-app/Pods-Messaging-app-frameworks-${CONFIGURATION}-input-files.xcfilelist",
			);
			name = "[CP] Embed Pods Frameworks";
			outputFileListPaths = (
				"${PODS_ROOT}/Target Support Files/Pods-Messaging-app/Pods-Messaging-app-frameworks-${CONFIGURATION}-output-files.xcfilelist",
			);
			runOnlyForDeploymentPostprocessing = 0;
			shellPath = /bin/sh;
			shellScript = "\"${PODS_ROOT}/Target Support Files/Pods-Messaging-app/Pods-Messaging-app-frameworks.sh\"\n";
			showEnvVarsInLog = 0;
		};
/* End PBXShellScriptBuildPhase section */

/* Begin PBXSourcesBuildPhase section */
		3A5B635823CDD90200676836 /* Sources */ = {
			isa = PBXSourcesBuildPhase;
			buildActionMask = 2147483647;
			files = (
				3A2ECA9923DB0598009A70A3 /* ProfileCollectionViewController.swift in Sources */,
				3ADCBB7F23E30E6E007289BA /* FollowLikeCell.swift in Sources */,
				3AD29C2223D871B3002DC0EB /* SelectImageCollectionViewController.swift in Sources */,
				3AD29C2023D86FC0002DC0EB /* UploadPostViewController.swift in Sources */,
				3A2ECA9E23DB070C009A70A3 /* UserProfileHeader.swift in Sources */,
				3AF86A8E23D33F0500C3D5F8 /* EditUserViewController.swift in Sources */,
				3ACE0E8523D79A9500C2BFF0 /* CustomImageView.swift in Sources */,
				3AD228D523D080AA00F4A5CA /* HelperFunctions.swift in Sources */,
				3A5B637823CDE99300676836 /* LoginViewController.swift in Sources */,
				3ADCBB7D23E30D8D007289BA /* FollowLikeViewController.swift in Sources */,
				3A15D82123D1CDB700BA5E25 /* RecentsTableViewCell.swift in Sources */,
				3ACADA8623CF6D3300205AF5 /* MainTabVC.swift in Sources */,
				3AA8970E23D1D1DA00B3EE87 /* ChatsViewController.swift in Sources */,
				3ACE0E8323D797DB00C2BFF0 /* FeedCollectionViewController.swift in Sources */,
				3ABD776A23D428D10031D990 /* Message.swift in Sources */,
				3AD228DB23D0839500F4A5CA /* References.swift in Sources */,
				3AD228D723D0834E00F4A5CA /* FUser.swift in Sources */,
				3ABED37F23D29CD20040C90B /* ProfileTableViewController.swift in Sources */,
				3A5B636023CDD90200676836 /* AppDelegate.swift in Sources */,
				3AA8971223D1D95A00B3EE87 /* UsersTableViewCell.swift in Sources */,
				3AA8971023D1D92A00B3EE87 /* UsersTableViewController.swift in Sources */,
				3A53292223D43501009DCEC6 /* OutGoingMessage.swift in Sources */,
				3A5B636223CDD90200676836 /* SceneDelegate.swift in Sources */,
				3AC4BA9923D08C1700256B9C /* SettingTableViewController.swift in Sources */,
				3ABA82A823D3DB660091DB23 /* MessageViewController.swift in Sources */,
				3A359D6C23D52C4800B0692F /* InComingMessage.swift in Sources */,
				3A2ECA9C23DB062E009A70A3 /* UserPostCell.swift in Sources */,
				3A9AD9FB23D1C9AC000E4FB1 /* Camera.swift in Sources */,
				3A5B637A23CDEB1B00676836 /* Extensions.swift in Sources */,
				3A1A25CF23D59A5500F949E7 /* downloader.swift in Sources */,
				3AD228D923D0836600F4A5CA /* Constracts.swift in Sources */,
				3AD29C2623D87545002DC0EB /* SelectPhotoCell.swift in Sources */,
				3AD29C2423D871F7002DC0EB /* SelectPhotoHeader.swift in Sources */,
				3ACE0E8723D79AE900C2BFF0 /* FeedCellCollectionViewCell.swift in Sources */,
				3A22D74523D2CBAD00AEC8B8 /* Recent.swift in Sources */,
				3A46E01B23CDF16A008C3D07 /* SignUpViewController.swift in Sources */,
				3A9C58B323D9DBDF009DB4CF /* Post.swift in Sources */,
				3A359D6A23D5283400B0692F /* MessageViewController+Save&Load.swift in Sources */,
			);
			runOnlyForDeploymentPostprocessing = 0;
		};
/* End PBXSourcesBuildPhase section */

/* Begin PBXVariantGroup section */
		3A5B636523CDD90200676836 /* Main.storyboard */ = {
			isa = PBXVariantGroup;
			children = (
				3A5B636623CDD90200676836 /* Base */,
			);
			name = Main.storyboard;
			sourceTree = "<group>";
		};
		3A5B636A23CDD90500676836 /* LaunchScreen.storyboard */ = {
			isa = PBXVariantGroup;
			children = (
				3A5B636B23CDD90500676836 /* Base */,
			);
			name = LaunchScreen.storyboard;
			sourceTree = "<group>";
		};
/* End PBXVariantGroup section */

/* Begin XCBuildConfiguration section */
		3A5B636E23CDD90500676836 /* Debug */ = {
			isa = XCBuildConfiguration;
			buildSettings = {
				ALWAYS_SEARCH_USER_PATHS = NO;
				CLANG_ANALYZER_NONNULL = YES;
				CLANG_ANALYZER_NUMBER_OBJECT_CONVERSION = YES_AGGRESSIVE;
				CLANG_CXX_LANGUAGE_STANDARD = "gnu++14";
				CLANG_CXX_LIBRARY = "libc++";
				CLANG_ENABLE_MODULES = YES;
				CLANG_ENABLE_OBJC_ARC = YES;
				CLANG_ENABLE_OBJC_WEAK = YES;
				CLANG_WARN_BLOCK_CAPTURE_AUTORELEASING = YES;
				CLANG_WARN_BOOL_CONVERSION = YES;
				CLANG_WARN_COMMA = YES;
				CLANG_WARN_CONSTANT_CONVERSION = YES;
				CLANG_WARN_DEPRECATED_OBJC_IMPLEMENTATIONS = YES;
				CLANG_WARN_DIRECT_OBJC_ISA_USAGE = YES_ERROR;
				CLANG_WARN_DOCUMENTATION_COMMENTS = YES;
				CLANG_WARN_EMPTY_BODY = YES;
				CLANG_WARN_ENUM_CONVERSION = YES;
				CLANG_WARN_INFINITE_RECURSION = YES;
				CLANG_WARN_INT_CONVERSION = YES;
				CLANG_WARN_NON_LITERAL_NULL_CONVERSION = YES;
				CLANG_WARN_OBJC_IMPLICIT_RETAIN_SELF = YES;
				CLANG_WARN_OBJC_LITERAL_CONVERSION = YES;
				CLANG_WARN_OBJC_ROOT_CLASS = YES_ERROR;
				CLANG_WARN_RANGE_LOOP_ANALYSIS = YES;
				CLANG_WARN_STRICT_PROTOTYPES = YES;
				CLANG_WARN_SUSPICIOUS_MOVE = YES;
				CLANG_WARN_UNGUARDED_AVAILABILITY = YES_AGGRESSIVE;
				CLANG_WARN_UNREACHABLE_CODE = YES;
				CLANG_WARN__DUPLICATE_METHOD_MATCH = YES;
				COPY_PHASE_STRIP = NO;
				DEBUG_INFORMATION_FORMAT = dwarf;
				ENABLE_STRICT_OBJC_MSGSEND = YES;
				ENABLE_TESTABILITY = YES;
				GCC_C_LANGUAGE_STANDARD = gnu11;
				GCC_DYNAMIC_NO_PIC = NO;
				GCC_NO_COMMON_BLOCKS = YES;
				GCC_OPTIMIZATION_LEVEL = 0;
				GCC_PREPROCESSOR_DEFINITIONS = (
					"DEBUG=1",
					"$(inherited)",
				);
				GCC_WARN_64_TO_32_BIT_CONVERSION = YES;
				GCC_WARN_ABOUT_RETURN_TYPE = YES_ERROR;
				GCC_WARN_UNDECLARED_SELECTOR = YES;
				GCC_WARN_UNINITIALIZED_AUTOS = YES_AGGRESSIVE;
				GCC_WARN_UNUSED_FUNCTION = YES;
				GCC_WARN_UNUSED_VARIABLE = YES;
				IPHONEOS_DEPLOYMENT_TARGET = 13.2;
				MTL_ENABLE_DEBUG_INFO = INCLUDE_SOURCE;
				MTL_FAST_MATH = YES;
				ONLY_ACTIVE_ARCH = YES;
				SDKROOT = iphoneos;
				SWIFT_ACTIVE_COMPILATION_CONDITIONS = DEBUG;
				SWIFT_OPTIMIZATION_LEVEL = "-Onone";
			};
			name = Debug;
		};
		3A5B636F23CDD90500676836 /* Release */ = {
			isa = XCBuildConfiguration;
			buildSettings = {
				ALWAYS_SEARCH_USER_PATHS = NO;
				CLANG_ANALYZER_NONNULL = YES;
				CLANG_ANALYZER_NUMBER_OBJECT_CONVERSION = YES_AGGRESSIVE;
				CLANG_CXX_LANGUAGE_STANDARD = "gnu++14";
				CLANG_CXX_LIBRARY = "libc++";
				CLANG_ENABLE_MODULES = YES;
				CLANG_ENABLE_OBJC_ARC = YES;
				CLANG_ENABLE_OBJC_WEAK = YES;
				CLANG_WARN_BLOCK_CAPTURE_AUTORELEASING = YES;
				CLANG_WARN_BOOL_CONVERSION = YES;
				CLANG_WARN_COMMA = YES;
				CLANG_WARN_CONSTANT_CONVERSION = YES;
				CLANG_WARN_DEPRECATED_OBJC_IMPLEMENTATIONS = YES;
				CLANG_WARN_DIRECT_OBJC_ISA_USAGE = YES_ERROR;
				CLANG_WARN_DOCUMENTATION_COMMENTS = YES;
				CLANG_WARN_EMPTY_BODY = YES;
				CLANG_WARN_ENUM_CONVERSION = YES;
				CLANG_WARN_INFINITE_RECURSION = YES;
				CLANG_WARN_INT_CONVERSION = YES;
				CLANG_WARN_NON_LITERAL_NULL_CONVERSION = YES;
				CLANG_WARN_OBJC_IMPLICIT_RETAIN_SELF = YES;
				CLANG_WARN_OBJC_LITERAL_CONVERSION = YES;
				CLANG_WARN_OBJC_ROOT_CLASS = YES_ERROR;
				CLANG_WARN_RANGE_LOOP_ANALYSIS = YES;
				CLANG_WARN_STRICT_PROTOTYPES = YES;
				CLANG_WARN_SUSPICIOUS_MOVE = YES;
				CLANG_WARN_UNGUARDED_AVAILABILITY = YES_AGGRESSIVE;
				CLANG_WARN_UNREACHABLE_CODE = YES;
				CLANG_WARN__DUPLICATE_METHOD_MATCH = YES;
				COPY_PHASE_STRIP = NO;
				DEBUG_INFORMATION_FORMAT = "dwarf-with-dsym";
				ENABLE_NS_ASSERTIONS = NO;
				ENABLE_STRICT_OBJC_MSGSEND = YES;
				GCC_C_LANGUAGE_STANDARD = gnu11;
				GCC_NO_COMMON_BLOCKS = YES;
				GCC_WARN_64_TO_32_BIT_CONVERSION = YES;
				GCC_WARN_ABOUT_RETURN_TYPE = YES_ERROR;
				GCC_WARN_UNDECLARED_SELECTOR = YES;
				GCC_WARN_UNINITIALIZED_AUTOS = YES_AGGRESSIVE;
				GCC_WARN_UNUSED_FUNCTION = YES;
				GCC_WARN_UNUSED_VARIABLE = YES;
				IPHONEOS_DEPLOYMENT_TARGET = 13.2;
				MTL_ENABLE_DEBUG_INFO = NO;
				MTL_FAST_MATH = YES;
				SDKROOT = iphoneos;
				SWIFT_COMPILATION_MODE = wholemodule;
				SWIFT_OPTIMIZATION_LEVEL = "-O";
				VALIDATE_PRODUCT = YES;
			};
			name = Release;
		};
		3A5B637123CDD90500676836 /* Debug */ = {
			isa = XCBuildConfiguration;
			baseConfigurationReference = 96370212C10A4C0043BA89FE /* Pods-Messaging-app.debug.xcconfig */;
			buildSettings = {
				ASSETCATALOG_COMPILER_APPICON_NAME = AppIcon;
				CODE_SIGN_STYLE = Automatic;
				DEVELOPMENT_TEAM = 4KJFNVZ8R6;
				INFOPLIST_FILE = "Messaging-app/Info.plist";
				LD_RUNPATH_SEARCH_PATHS = (
					"$(inherited)",
					"@executable_path/Frameworks",
				);
				PRODUCT_BUNDLE_IDENTIFIER = "mineo.jp.mac.pop.Messaging-app";
				PRODUCT_NAME = "$(TARGET_NAME)";
				SWIFT_VERSION = 5.0;
				TARGETED_DEVICE_FAMILY = 1;
			};
			name = Debug;
		};
		3A5B637223CDD90500676836 /* Release */ = {
			isa = XCBuildConfiguration;
			baseConfigurationReference = 1FE588E3701FCB8BEFBFF78D /* Pods-Messaging-app.release.xcconfig */;
			buildSettings = {
				ASSETCATALOG_COMPILER_APPICON_NAME = AppIcon;
				CODE_SIGN_STYLE = Automatic;
				DEVELOPMENT_TEAM = 4KJFNVZ8R6;
				INFOPLIST_FILE = "Messaging-app/Info.plist";
				LD_RUNPATH_SEARCH_PATHS = (
					"$(inherited)",
					"@executable_path/Frameworks",
				);
				PRODUCT_BUNDLE_IDENTIFIER = "mineo.jp.mac.pop.Messaging-app";
				PRODUCT_NAME = "$(TARGET_NAME)";
				SWIFT_VERSION = 5.0;
				TARGETED_DEVICE_FAMILY = 1;
			};
			name = Release;
		};
/* End XCBuildConfiguration section */

/* Begin XCConfigurationList section */
		3A5B635723CDD90200676836 /* Build configuration list for PBXProject "Messaging-app" */ = {
			isa = XCConfigurationList;
			buildConfigurations = (
				3A5B636E23CDD90500676836 /* Debug */,
				3A5B636F23CDD90500676836 /* Release */,
			);
			defaultConfigurationIsVisible = 0;
			defaultConfigurationName = Release;
		};
		3A5B637023CDD90500676836 /* Build configuration list for PBXNativeTarget "Messaging-app" */ = {
			isa = XCConfigurationList;
			buildConfigurations = (
				3A5B637123CDD90500676836 /* Debug */,
				3A5B637223CDD90500676836 /* Release */,
			);
			defaultConfigurationIsVisible = 0;
			defaultConfigurationName = Release;
		};
/* End XCConfigurationList section */
	};
	rootObject = 3A5B635423CDD90200676836 /* Project object */;
}
